
Microsoft Visual Studio Solution File, Format Version 11.00
# Visual Studio 2010
Project("{FAE04EC0-301F-11D3-BF4B-00C04F79EFBC}") = "The Jonathan's Stories", "Assembly-CSharp.csproj", "{FFB55072-96E3-D057-DBCA-DE13EBDFE219}"
EndProject
Project("{FAE04EC0-301F-11D3-BF4B-00C04F79EFBC}") = "The Jonathan's Stories", "Assembly-CSharp-Editor.csproj", "{99ADF09A-A199-115F-6A5A-E1A88880CDA8}"
EndProject
Global
	GlobalSection(SolutionConfigurationPlatforms) = preSolution
		Debug|Any CPU = Debug|Any CPU
		Release|Any CPU = Release|Any CPU
	EndGlobalSection
	GlobalSection(ProjectConfigurationPlatforms) = postSolution
		{FFB55072-96E3-D057-DBCA-DE13EBDFE219}.Debug|Any CPU.ActiveCfg = Debug|Any CPU
		{FFB55072-96E3-D057-DBCA-DE13EBDFE219}.Debug|Any CPU.Build.0 = Debug|Any CPU
		{FFB55072-96E3-D057-DBCA-DE13EBDFE219}.Release|Any CPU.ActiveCfg = Release|Any CPU
		{FFB55072-96E3-D057-DBCA-DE13EBDFE219}.Release|Any CPU.Build.0 = Release|Any CPU
		{99ADF09A-A199-115F-6A5A-E1A88880CDA8}.Debug|Any CPU.ActiveCfg = Debug|Any CPU
		{99ADF09A-A199-115F-6A5A-E1A88880CDA8}.Debug|Any CPU.Build.0 = Debug|Any CPU
		{99ADF09A-A199-115F-6A5A-E1A88880CDA8}.Release|Any CPU.ActiveCfg = Release|Any CPU
		{99ADF09A-A199-115F-6A5A-E1A88880CDA8}.Release|Any CPU.Build.0 = Release|Any CPU
	EndGlobalSection
	GlobalSection(SolutionProperties) = preSolution
		HideSolutionNode = FALSE
	EndGlobalSection
	GlobalSection(MonoDevelopProperties) = preSolution
		StartupItem = Assembly-CSharp.csproj
	EndGlobalSection
EndGlobal
