
Microsoft Visual Studio Solution File, Format Version 11.00
# Visual Studio 2010
Project("{FAE04EC0-301F-11D3-BF4B-00C04F79EFBC}") = "Zelda TrabCG", "Assembly-CSharp.csproj", "{16F4563C-E309-7353-4B54-6ED0D8B6CE24}"
EndProject
Project("{FAE04EC0-301F-11D3-BF4B-00C04F79EFBC}") = "Zelda TrabCG", "Assembly-CSharp-Editor.csproj", "{0FB4A62A-8827-5840-B3EF-D3C144925629}"
EndProject
Global
	GlobalSection(SolutionConfigurationPlatforms) = preSolution
		Debug|Any CPU = Debug|Any CPU
		Release|Any CPU = Release|Any CPU
	EndGlobalSection
	GlobalSection(ProjectConfigurationPlatforms) = postSolution
		{16F4563C-E309-7353-4B54-6ED0D8B6CE24}.Debug|Any CPU.ActiveCfg = Debug|Any CPU
		{16F4563C-E309-7353-4B54-6ED0D8B6CE24}.Debug|Any CPU.Build.0 = Debug|Any CPU
		{16F4563C-E309-7353-4B54-6ED0D8B6CE24}.Release|Any CPU.ActiveCfg = Release|Any CPU
		{16F4563C-E309-7353-4B54-6ED0D8B6CE24}.Release|Any CPU.Build.0 = Release|Any CPU
		{0FB4A62A-8827-5840-B3EF-D3C144925629}.Debug|Any CPU.ActiveCfg = Debug|Any CPU
		{0FB4A62A-8827-5840-B3EF-D3C144925629}.Debug|Any CPU.Build.0 = Debug|Any CPU
		{0FB4A62A-8827-5840-B3EF-D3C144925629}.Release|Any CPU.ActiveCfg = Release|Any CPU
		{0FB4A62A-8827-5840-B3EF-D3C144925629}.Release|Any CPU.Build.0 = Release|Any CPU
	EndGlobalSection
	GlobalSection(SolutionProperties) = preSolution
		HideSolutionNode = FALSE
	EndGlobalSection
	GlobalSection(MonoDevelopProperties) = preSolution
		StartupItem = Assembly-CSharp.csproj
	EndGlobalSection
EndGlobal
