
Microsoft Visual Studio Solution File, Format Version 11.00
# Visual Studio 2010
Project("{FAE04EC0-301F-11D3-BF4B-00C04F79EFBC}") = "Zelda TrabCG v2", "Assembly-CSharp.csproj", "{4B248111-BD91-2453-B44F-554694529C26}"
EndProject
Project("{FAE04EC0-301F-11D3-BF4B-00C04F79EFBC}") = "Zelda TrabCG v2", "Assembly-CSharp-Editor.csproj", "{5E2168F7-49B0-BDC8-0573-D708B0AD1334}"
EndProject
Global
	GlobalSection(SolutionConfigurationPlatforms) = preSolution
		Debug|Any CPU = Debug|Any CPU
		Release|Any CPU = Release|Any CPU
	EndGlobalSection
	GlobalSection(ProjectConfigurationPlatforms) = postSolution
		{4B248111-BD91-2453-B44F-554694529C26}.Debug|Any CPU.ActiveCfg = Debug|Any CPU
		{4B248111-BD91-2453-B44F-554694529C26}.Debug|Any CPU.Build.0 = Debug|Any CPU
		{4B248111-BD91-2453-B44F-554694529C26}.Release|Any CPU.ActiveCfg = Release|Any CPU
		{4B248111-BD91-2453-B44F-554694529C26}.Release|Any CPU.Build.0 = Release|Any CPU
		{5E2168F7-49B0-BDC8-0573-D708B0AD1334}.Debug|Any CPU.ActiveCfg = Debug|Any CPU
		{5E2168F7-49B0-BDC8-0573-D708B0AD1334}.Debug|Any CPU.Build.0 = Debug|Any CPU
		{5E2168F7-49B0-BDC8-0573-D708B0AD1334}.Release|Any CPU.ActiveCfg = Release|Any CPU
		{5E2168F7-49B0-BDC8-0573-D708B0AD1334}.Release|Any CPU.Build.0 = Release|Any CPU
	EndGlobalSection
	GlobalSection(SolutionProperties) = preSolution
		HideSolutionNode = FALSE
	EndGlobalSection
	GlobalSection(MonoDevelopProperties) = preSolution
		StartupItem = Assembly-CSharp.csproj
	EndGlobalSection
EndGlobal
